filippo.io/edwards25519 v1.1.0 h1:FNf4tywRC1HmFuKW5xopWpigGjJKiJSV0Cqo0cJWDaA=
filippo.io/edwards25519 v1.1.0/go.mod h1:BxyFTGdWcka3PhytdK4V28tE5sGfRvvvRV7EaN4VDT4=
github.com/go-sql-driver/mysql v1.8.1/go.mod h1:wEBSXgmK//2ZFJyE+qWnIsVGmvmEKlqwuVSjsCm7DZg=
github.com/go-sql-driver/mysql v1.9.3 h1:U/N249h2WzJ3Ukj8SowVFjdtZKfu9vlLZxjPXV1aweo=
github.com/go-sql-driver/mysql v1.9.3/go.mod h1:qn46aNg1333BRMNU69Lq93t8du/dwxI64Gl8i5p1WMU=
github.com/google/uuid v1.6.0 h1:NIvaJDMOsjHA8n1jAhLSgzrAzy1Hgr+hNrb57e+94F0=
github.com/google/uuid v1.6.0/go.mod h1:TIyPZe4MgqvfeYDBFedMoGGpEw/LqOeaOT+nhxU+yHo=
github.com/jmoiron/sqlx v1.4.0 h1:1PLqN7S1UYp5t4SrVVnt4nUVNemrDAtxlulVe+Qgm3o=
github.com/jmoiron/sqlx v1.4.0/go.mod h1:ZrZ7UsYB/weZdl2Bxg6jCRO9c3YHl8r3ahlKmRT4JLY=
github.com/kr/pretty v0.3.1 h1:flRD4NNwYAUpkphVc1HcthR4KEIFJ65n8Mw5qdRn3LE=
github.com/kr/pretty v0.3.1/go.mod h1:hoEshYVHaxMs3cyo3Yncou5ZscifuDolrwPKZanG3xk=
github.com/kr/text v0.2.0 h1:5Nx0Ya0ZqY2ygV366QzturHI13Jq95ApcVaJBhpS+AY=
github.com/kr/text v0.2.0/go.mod h1:eLer722TekiGuMkidMxC/pM04lWEeraHUUmBw8l2grE=
github.com/lib/pq v1.10.9 h1:YXG7RB+JIjhP29X+OtkiDnYaXQwpS4JEWq7dtCCRUEw=
github.com/lib/pq v1.10.9/go.mod h1:AlVN5x4E4T544tWzH6hKfbfQvm3HdbOxrmggDNAPY9o=
github.com/mattn/go-sqlite3 v1.14.22 h1:2gZY6PC6kBnID23Tichd1K+Z0oS6nE/XwU+Vz/5o4kU=
github.com/mattn/go-sqlite3 v1.14.22/go.mod h1:Uh1q+B4BYcTPb+yiD3kU8Ct7aC0hY9fxUwlHK0RXw+Y=
github.com/rogpeppe/go-internal v1.14.1 h1:UQB4HGPB6osV0SQTLymcB4TgvyWu6ZyliaW0tI/otEQ=
github.com/rogpeppe/go-internal v1.14.1/go.mod h1:MaRKkUm5W0goXpeCfT7UZI6fk/L7L7so1lCWt35ZSgc=
github.com/zoobzio/astql v1.0.5 h1:799pEEaMbT74EFfniDnbBdc6acE+kDw1xIJaPuU2i3k=
github.com/zoobzio/astql v1.0.5/go.mod h1:I7yNnjuD3KxCoNGyBbz+zDxT/osgHaQ5RsHGdEKEwMw=
github.com/zoobzio/atom v1.0.0 h1:vFFfheHPMJQztp+/BmTWTIRfixjojqmpD6uM1X6xkuo=
github.com/zoobzio/atom v1.0.0/go.mod h1:+ciiuq93FK54xwtktR196qPqb2tyt643IUcL94ETk9s=
github.com/zoobzio/capitan v1.0.0 h1:hEB8XX/FmtIDHKjjTJrUWXkDiZTYa/Jtd/qWO0yc2Dc=
github.com/zoobzio/capitan v1.0.0/go.mod h1:UNZvqLPX2REzKLVfU4EfL9GRe6zddsj6aSWaqNUGAIw=
github.com/zoobzio/check v0.0.3 h1:gyW9+v3B5q4obSmn6Ia7ShyMea0y5nb4LT+YA0hr61M=
github.com/zoobzio/check v0.0.3/go.mod h1:V0bmr/WkpQewvl2VtNprmRXkMl3fI32rT/oKXaEAT6E=
github.com/zoobzio/dbml v1.0.0 h1:okeWcYbJu7tEXDXleZv7BLTLEE3rib324y12rfL8QJs=
github.com/zoobzio/dbml v1.0.0/go.mod h1:CAX7TEjn+UPdwPrtJGBG23sXPfoNA246tqztDR3iV7Y=
github.com/zoobzio/edamame v1.0.1 h1:Mynav/EvOEVjQ36JrKm9I3k7nm9t3VgGC1bpyw2rFMA=
github.com/zoobzio/edamame v1.0.1/go.mod h1:UVfTcjd//Nfs2lLNWrQqomd0O9f0ic31PftXz3KvyWw=
github.com/zoobzio/fig v0.0.1 h1:EGicpSW/aaRipFj/xp7KLLzGB62IilKxtqsdfNE2Y40=
github.com/zoobzio/fig v0.0.1/go.mod h1:t7choz//hxkpcT+kbXkKMhiJBnf9nMG9Z9sughIqw9g=
github.com/zoobzio/grub v0.1.4 h1:OEblbg2rRw8nYymkTE5tAchiDnqGxK2Sf4OJOROFU2Q=
github.com/zoobzio/grub v0.1.4/go.mod h1:i5D7qeDr4xasu2tJyd0iXergdu9E/pWrRG86UJLhCy8=
github.com/zoobzio/openapi v1.0.0 h1:fm0efmJE6Qhtj6cKnY1k80BGyuwCGtPY2lvmjdbD724=
github.com/zoobzio/openapi v1.0.0/go.mod h1:B9H/O52knkfi9j9KIGRufcSFYUyAg6gDhUGocMCFNfo=
github.com/zoobzio/rocco v0.1.2 h1:yXAF0X9Wpgb8UwLpRvbPLZTid1wsa9XQkSJkfSJJLag=
github.com/zoobzio/rocco v0.1.2/go.mod h1:4P2mt5vdLO2olplaFlxWjbNTIgxnbdZR0w8oBe2Vn04=
github.com/zoobzio/scio v0.0.3 h1:nWd+VGKjlTB4nJUlFWvvdPC5kDL0icKLmtQiVSPatHk=
github.com/zoobzio/scio v0.0.3/go.mod h1:amQuCI7nLbUkbSP9IZH9Qd5HcDQ6bh72iWN4rOyV7J4=
github.com/zoobzio/sentinel v1.0.2 h1:hTs5Ke2Vi0VgOkoHSJF9G3BYnxTQjMbvOH+qbbQLaoY=
github.com/zoobzio/sentinel v1.0.2/go.mod h1:gtsD0AYlTEI8ajpEQ3azb7BDZicdsESOB1dJpQqgDKc=
github.com/zoobzio/slush v0.0.2 h1:oIh82Cn37U/mYJyeEDnDQrY3tWkl2d69TcZHfuMPaqg=
github.com/zoobzio/slush v0.0.2/go.mod h1:VmhD0Vq24toaM/+wzJ3pJZaqMDfzTAZBjBa6Nq+5CG4=
github.com/zoobzio/soy v1.0.2 h1:nNymMAvjZRJ1rHJFDDOCTFC7/mdKcgXuFE4JyAKT0FM=
github.com/zoobzio/soy v1.0.2/go.mod h1:QbHYncFp2bUBfZegzSrTAcDoFKlLGQESKNY43OUu5q4=
github.com/zoobzio/vecna v0.0.2 h1:n4SEXmp1k5JrparT7PfPS6RTH4xd/NTkvXZwQg7r8/Q=
github.com/zoobzio/vecna v0.0.2/go.mod h1:NQxYrpZSp8Lxqk5n8f3UB95bqMdG1g+tF1Sxxawds6Y=
golang.org/x/exp v0.0.0-20260112195511-716be5621a96 h1:Z/6YuSHTLOHfNFdb8zVZomZr7cqNgTJvA8+Qz75D8gU=
golang.org/x/exp v0.0.0-20260112195511-716be5621a96/go.mod h1:nzimsREAkjBCIEFtHiYkrJyT+2uy9YZJB7H1k68CXZU=
gopkg.in/check.v1 v0.0.0-20161208181325-20d25e280405/go.mod h1:Co6ibVJAznAaIkqp8huTwlJQCZ016jof/cbN4VW5Yz0=
gopkg.in/check.v1 v1.0.0-20201130134442-10cb98267c6c h1:Hei/4ADfdWqJk1ZMxUNpqntNwaWcugrBjAiHlqqRiVk=
gopkg.in/check.v1 v1.0.0-20201130134442-10cb98267c6c/go.mod h1:JHkPIbrfpd72SG/EVd6muEfDQjcINNoR0C8j2r3qZ4Q=
gopkg.in/yaml.v3 v3.0.1 h1:fxVm/GzAzEWqLHuvctI91KS9hhNmmWOoWu0XTYJS7CA=
gopkg.in/yaml.v3 v3.0.1/go.mod h1:K4uyk7z7BCEPqu6E+C64Yfv1cQ7kz7rIZviUmN+EgEM=
